
Microsoft Visual Studio Solution File, Format Version 12.00
# Visual Studio Version 17
VisualStudioVersion = 17.13.35913.81
MinimumVisualStudioVersion = 10.0.40219.1
Project("{FAE04EC0-301F-11D3-BF4B-00C04F79EFBC}") = "SupervisorBravo.Domain", "SupervisorBravo.Domain\SupervisorBravo.Domain.csproj", "{2856F3CF-9C77-4A8B-B71D-48D61EC92D45}"
EndProject
Project("{FAE04EC0-301F-11D3-BF4B-00C04F79EFBC}") = "SupervisorBravo.Persistence", "SupervisorBravo.Persistence\SupervisorBravo.Persistence.csproj", "{6CB05085-BFF9-4457-94B0-3DE256DE8669}"
EndProject
Project("{FAE04EC0-301F-11D3-BF4B-00C04F79EFBC}") = "SupervisorBravo.MSTest", "SupervisorBravo.MSTest\SupervisorBravo.MSTest.csproj", "{5DFD0AC8-6A81-462E-A89E-3B7AC30EDACC}"
EndProject
Project("{FAE04EC0-301F-11D3-BF4B-00C04F79EFBC}") = "SupervisorBravo.Web", "SupervisorBravo.Web\SupervisorBravo.Web.csproj", "{41CC46D3-4815-4CFA-8AEB-DE2A69B5BB54}"
EndProject
Project("{FAE04EC0-301F-11D3-BF4B-00C04F79EFBC}") = "SupervisorBravo.WorkerService", "SupervisorBravo.WorkerService\SupervisorBravo.WorkerService.csproj", "{1A2F5F55-4216-4467-80FF-1FE4134CE0F3}"
EndProject
Global
	GlobalSection(SolutionConfigurationPlatforms) = preSolution
		Debug|Any CPU = Debug|Any CPU
		Release|Any CPU = Release|Any CPU
	EndGlobalSection
	GlobalSection(ProjectConfigurationPlatforms) = postSolution
		{2856F3CF-9C77-4A8B-B71D-48D61EC92D45}.Debug|Any CPU.ActiveCfg = Debug|Any CPU
		{2856F3CF-9C77-4A8B-B71D-48D61EC92D45}.Debug|Any CPU.Build.0 = Debug|Any CPU
		{2856F3CF-9C77-4A8B-B71D-48D61EC92D45}.Release|Any CPU.ActiveCfg = Release|Any CPU
		{2856F3CF-9C77-4A8B-B71D-48D61EC92D45}.Release|Any CPU.Build.0 = Release|Any CPU
		{6CB05085-BFF9-4457-94B0-3DE256DE8669}.Debug|Any CPU.ActiveCfg = Debug|Any CPU
		{6CB05085-BFF9-4457-94B0-3DE256DE8669}.Debug|Any CPU.Build.0 = Debug|Any CPU
		{6CB05085-BFF9-4457-94B0-3DE256DE8669}.Release|Any CPU.ActiveCfg = Release|Any CPU
		{6CB05085-BFF9-4457-94B0-3DE256DE8669}.Release|Any CPU.Build.0 = Release|Any CPU
		{5DFD0AC8-6A81-462E-A89E-3B7AC30EDACC}.Debug|Any CPU.ActiveCfg = Debug|Any CPU
		{5DFD0AC8-6A81-462E-A89E-3B7AC30EDACC}.Debug|Any CPU.Build.0 = Debug|Any CPU
		{5DFD0AC8-6A81-462E-A89E-3B7AC30EDACC}.Release|Any CPU.ActiveCfg = Release|Any CPU
		{5DFD0AC8-6A81-462E-A89E-3B7AC30EDACC}.Release|Any CPU.Build.0 = Release|Any CPU
		{41CC46D3-4815-4CFA-8AEB-DE2A69B5BB54}.Debug|Any CPU.ActiveCfg = Debug|Any CPU
		{41CC46D3-4815-4CFA-8AEB-DE2A69B5BB54}.Debug|Any CPU.Build.0 = Debug|Any CPU
		{41CC46D3-4815-4CFA-8AEB-DE2A69B5BB54}.Release|Any CPU.ActiveCfg = Release|Any CPU
		{41CC46D3-4815-4CFA-8AEB-DE2A69B5BB54}.Release|Any CPU.Build.0 = Release|Any CPU
		{1A2F5F55-4216-4467-80FF-1FE4134CE0F3}.Debug|Any CPU.ActiveCfg = Debug|Any CPU
		{1A2F5F55-4216-4467-80FF-1FE4134CE0F3}.Debug|Any CPU.Build.0 = Debug|Any CPU
		{1A2F5F55-4216-4467-80FF-1FE4134CE0F3}.Release|Any CPU.ActiveCfg = Release|Any CPU
		{1A2F5F55-4216-4467-80FF-1FE4134CE0F3}.Release|Any CPU.Build.0 = Release|Any CPU
	EndGlobalSection
	GlobalSection(SolutionProperties) = preSolution
		HideSolutionNode = FALSE
	EndGlobalSection
	GlobalSection(ExtensibilityGlobals) = postSolution
		SolutionGuid = {C65D857F-1299-4567-ADBD-A20B0A323F78}
	EndGlobalSection
EndGlobal
